
Microsoft Visual Studio Solution File, Format Version 12.00
# Visual Studio Version 17
VisualStudioVersion = 17.1.32407.343
MinimumVisualStudioVersion = 10.0.40219.1
Project("{FAE04EC0-301F-11D3-BF4B-00C04F79EFBC}") = "RA-HW-9", "RA-HW-9\RA-HW-9.csproj", "{C3A187F1-D120-4F7D-B014-289E39F66715}"
EndProject
Global
	GlobalSection(SolutionConfigurationPlatforms) = preSolution
		Debug|Any CPU = Debug|Any CPU
		Release|Any CPU = Release|Any CPU
	EndGlobalSection
	GlobalSection(ProjectConfigurationPlatforms) = postSolution
		{C3A187F1-D120-4F7D-B014-289E39F66715}.Debug|Any CPU.ActiveCfg = Debug|Any CPU
		{C3A187F1-D120-4F7D-B014-289E39F66715}.Debug|Any CPU.Build.0 = Debug|Any CPU
		{C3A187F1-D120-4F7D-B014-289E39F66715}.Release|Any CPU.ActiveCfg = Release|Any CPU
		{C3A187F1-D120-4F7D-B014-289E39F66715}.Release|Any CPU.Build.0 = Release|Any CPU
	EndGlobalSection
	GlobalSection(SolutionProperties) = preSolution
		HideSolutionNode = FALSE
	EndGlobalSection
	GlobalSection(ExtensibilityGlobals) = postSolution
		SolutionGuid = {B937ED36-8DA8-479B-AA22-58C41F17970C}
	EndGlobalSection
EndGlobal
